PODS:
  - Alamofire (4.8.1)
  - AlamofireImage (3.5.0):
    - Alamofire (~> 4.8)
  - HexColors (6.0.0)
  - ObjectMapper (3.4.2)
  - PromiseKit (6.8.3):
    - PromiseKit/CorePromise (= 6.8.3)
    - PromiseKit/Foundation (= 6.8.3)
    - PromiseKit/UIKit (= 6.8.3)
  - PromiseKit/CorePromise (6.8.3)
  - PromiseKit/Foundation (6.8.3):
    - PromiseKit/CorePromise
  - PromiseKit/UIKit (6.8.3):
    - PromiseKit/CorePromise
  - RSKGrowingTextView (4.0.5):
    - RSKPlaceholderTextView (= 4.0.0)
  - RSKPlaceholderTextView (4.0.0)
  - SkyFloatingLabelTextField (3.6.0)
  - SnapKit (4.2.0)
  - SVProgressHUD (2.2.5)
  - SwiftLint (0.30.1)
  - SwiftMessages (6.0.2):
    - SwiftMessages/App (= 6.0.2)
  - SwiftMessages/App (6.0.2)

DEPENDENCIES:
  - Alamofire
  - AlamofireImage
  - HexColors
  - ObjectMapper
  - PromiseKit
  - RSKGrowingTextView
  - SkyFloatingLabelTextField
  - SnapKit
  - SVProgressHUD
  - SwiftLint (~> 0.27)
  - SwiftMessages

SPEC REPOS:
  https://github.com/cocoapods/specs.git:
    - Alamofire
    - AlamofireImage
    - HexColors
    - ObjectMapper
    - PromiseKit
    - RSKGrowingTextView
    - RSKPlaceholderTextView
    - SkyFloatingLabelTextField
    - SnapKit
    - SVProgressHUD
    - SwiftLint
    - SwiftMessages

SPEC CHECKSUMS:
  Alamofire: 16ce2c353fb72865124ddae8a57c5942388f4f11
  AlamofireImage: 1aea346f4dda2f6c67622fa5a89fcbb80d79cc16
  HexColors: f8c66339541a74bb08905bfe7cd4f8cc85e9e173
  ObjectMapper: 0d4402610f4e468903ae64629eec4784531e5c51
  PromiseKit: 94c6e781838c5bf4717677d0d882b0e7250c80fc
  RSKGrowingTextView: aade5bc3ae2a202bd3d70674d605b76117034040
  RSKPlaceholderTextView: 15f1dc1883e103ea605874b863f19ff6b08496d5
  SkyFloatingLabelTextField: 38164979b79512f9ff9288ad8acfc4bbf5d843e3
  SnapKit: fe8a619752f3f27075cc9a90244d75c6c3f27e2a
  SVProgressHUD: 1428aafac632c1f86f62aa4243ec12008d7a51d6
  SwiftLint: a54bf1fe12b55c68560eb2a7689dfc81458508f7
  SwiftMessages: 8b3cc68dba2f1c91aac1a74c90b10287aac35371

PODFILE CHECKSUM: 8e2396338fe308e816bca571250cacbd4ed23a11

COCOAPODS: 1.6.0.rc.2
